{
  "name": "@vases/workers",
  "version": "1.0.0",
  "lockfileVersion": 3,
  "requires": true,
  "packages": {
    "": {
      "name": "@vases/workers",
      "version": "1.0.0",
      "license": "ISC",
      "dependencies": {
        "workerpool": "^9.1.0"
      }
    },
    "node_modules/workerpool": {
      "version": "9.1.0",
      "resolved": "https://registry.npmjs.org/workerpool/-/workerpool-9.1.0.tgz",
      "integrity": "sha512-+wRWfm9yyJghvXLSHMQj3WXDxHbibHAQmRrWbqKBfy0RjftZNeQaW+Std5bSYc83ydkrxoPTPOWVlXUR9RWJdQ=="
    }
  }
}
